
Microsoft Visual Studio Solution File, Format Version 12.00
# Visual Studio 2012
Project("{FAE04EC0-301F-11D3-BF4B-00C04F79EFBC}") = "FFmpeg.AutoGen", "FFmpeg.AutoGen\FFmpeg.AutoGen\FFmpeg.AutoGen.csproj", "{A536B02A-B0B1-4753-8328-17369EF09976}"
EndProject
Project("{FAE04EC0-301F-11D3-BF4B-00C04F79EFBC}") = "AR.Drone.Client", "AR.Drone.Client\AR.Drone.Client.csproj", "{56DBF8E3-28A6-4C27-BA0A-B32352608F44}"
EndProject
Project("{FAE04EC0-301F-11D3-BF4B-00C04F79EFBC}") = "AR.Drone.WinApp", "AR.Drone.WinApp\AR.Drone.WinApp.csproj", "{78C83708-BF89-4A5D-B823-21D06EED6A6B}"
EndProject
Project("{2150E333-8FDC-42A3-9474-1A3956D46DE8}") = "Solution Items", "Solution Items", "{8B8AE2C1-C4ED-4627-A092-B68B70183562}"
	ProjectSection(SolutionItems) = preProject
		README.md = README.md
	EndProjectSection
EndProject
Project("{FAE04EC0-301F-11D3-BF4B-00C04F79EFBC}") = "AR.Drone.Video", "AR.Drone.Video\AR.Drone.Video.csproj", "{36C63293-4C2D-41EC-B231-FAF55845C014}"
EndProject
Project("{FAE04EC0-301F-11D3-BF4B-00C04F79EFBC}") = "AR.Drone.Media", "AR.Drone.Media\AR.Drone.Media.csproj", "{DD02DB21-14CF-4E03-BEE2-AFB2B1C49A4D}"
EndProject
Project("{FAE04EC0-301F-11D3-BF4B-00C04F79EFBC}") = "AR.Drone.Data", "AR.Drone.Data\AR.Drone.Data.csproj", "{7D1B0B10-82F9-413F-BEE9-0174753D93A1}"
EndProject
Project("{FAE04EC0-301F-11D3-BF4B-00C04F79EFBC}") = "AR.Drone.Infrastructure", "AR.Drone.Infrastructure\AR.Drone.Infrastructure.csproj", "{5BE68B3D-1112-464D-8C17-844E834BB3BA}"
EndProject
Project("{FAE04EC0-301F-11D3-BF4B-00C04F79EFBC}") = "AR.Drone.Avionics", "AR.Drone.Avionics\AR.Drone.Avionics.csproj", "{19B1D7B1-C46F-4A87-A674-3350BF372A74}"
EndProject
Global
	GlobalSection(SolutionConfigurationPlatforms) = preSolution
		Debug|Any CPU = Debug|Any CPU
		Release|Any CPU = Release|Any CPU
	EndGlobalSection
	GlobalSection(ProjectConfigurationPlatforms) = postSolution
		{A536B02A-B0B1-4753-8328-17369EF09976}.Debug|Any CPU.ActiveCfg = Debug|Any CPU
		{A536B02A-B0B1-4753-8328-17369EF09976}.Debug|Any CPU.Build.0 = Debug|Any CPU
		{A536B02A-B0B1-4753-8328-17369EF09976}.Release|Any CPU.ActiveCfg = Release|Any CPU
		{A536B02A-B0B1-4753-8328-17369EF09976}.Release|Any CPU.Build.0 = Release|Any CPU
		{56DBF8E3-28A6-4C27-BA0A-B32352608F44}.Debug|Any CPU.ActiveCfg = Debug|Any CPU
		{56DBF8E3-28A6-4C27-BA0A-B32352608F44}.Debug|Any CPU.Build.0 = Debug|Any CPU
		{56DBF8E3-28A6-4C27-BA0A-B32352608F44}.Release|Any CPU.ActiveCfg = Release|Any CPU
		{56DBF8E3-28A6-4C27-BA0A-B32352608F44}.Release|Any CPU.Build.0 = Release|Any CPU
		{78C83708-BF89-4A5D-B823-21D06EED6A6B}.Debug|Any CPU.ActiveCfg = Debug|Any CPU
		{78C83708-BF89-4A5D-B823-21D06EED6A6B}.Debug|Any CPU.Build.0 = Debug|Any CPU
		{78C83708-BF89-4A5D-B823-21D06EED6A6B}.Release|Any CPU.ActiveCfg = Release|Any CPU
		{78C83708-BF89-4A5D-B823-21D06EED6A6B}.Release|Any CPU.Build.0 = Release|Any CPU
		{36C63293-4C2D-41EC-B231-FAF55845C014}.Debug|Any CPU.ActiveCfg = Debug|Any CPU
		{36C63293-4C2D-41EC-B231-FAF55845C014}.Debug|Any CPU.Build.0 = Debug|Any CPU
		{36C63293-4C2D-41EC-B231-FAF55845C014}.Release|Any CPU.ActiveCfg = Release|Any CPU
		{36C63293-4C2D-41EC-B231-FAF55845C014}.Release|Any CPU.Build.0 = Release|Any CPU
		{DD02DB21-14CF-4E03-BEE2-AFB2B1C49A4D}.Debug|Any CPU.ActiveCfg = Debug|Any CPU
		{DD02DB21-14CF-4E03-BEE2-AFB2B1C49A4D}.Debug|Any CPU.Build.0 = Debug|Any CPU
		{DD02DB21-14CF-4E03-BEE2-AFB2B1C49A4D}.Release|Any CPU.ActiveCfg = Release|Any CPU
		{DD02DB21-14CF-4E03-BEE2-AFB2B1C49A4D}.Release|Any CPU.Build.0 = Release|Any CPU
		{7D1B0B10-82F9-413F-BEE9-0174753D93A1}.Debug|Any CPU.ActiveCfg = Debug|Any CPU
		{7D1B0B10-82F9-413F-BEE9-0174753D93A1}.Debug|Any CPU.Build.0 = Debug|Any CPU
		{7D1B0B10-82F9-413F-BEE9-0174753D93A1}.Release|Any CPU.ActiveCfg = Release|Any CPU
		{7D1B0B10-82F9-413F-BEE9-0174753D93A1}.Release|Any CPU.Build.0 = Release|Any CPU
		{5BE68B3D-1112-464D-8C17-844E834BB3BA}.Debug|Any CPU.ActiveCfg = Debug|Any CPU
		{5BE68B3D-1112-464D-8C17-844E834BB3BA}.Debug|Any CPU.Build.0 = Debug|Any CPU
		{5BE68B3D-1112-464D-8C17-844E834BB3BA}.Release|Any CPU.ActiveCfg = Release|Any CPU
		{5BE68B3D-1112-464D-8C17-844E834BB3BA}.Release|Any CPU.Build.0 = Release|Any CPU
		{19B1D7B1-C46F-4A87-A674-3350BF372A74}.Debug|Any CPU.ActiveCfg = Debug|Any CPU
		{19B1D7B1-C46F-4A87-A674-3350BF372A74}.Debug|Any CPU.Build.0 = Debug|Any CPU
		{19B1D7B1-C46F-4A87-A674-3350BF372A74}.Release|Any CPU.ActiveCfg = Release|Any CPU
		{19B1D7B1-C46F-4A87-A674-3350BF372A74}.Release|Any CPU.Build.0 = Release|Any CPU
	EndGlobalSection
	GlobalSection(SolutionProperties) = preSolution
		HideSolutionNode = FALSE
	EndGlobalSection
	GlobalSection(MonoDevelopProperties) = preSolution
		StartupItem = AR.Drone.WinApp\AR.Drone.WinApp.csproj
	EndGlobalSection
EndGlobal
